<Solution>
  <Project Path="Payroll.DataAccess/Payroll.DataAccess.csproj" Id="34ac38fd-5334-48df-91fc-b81c15b36ceb" />
  <Project Path="Payroll.Utility/Payroll.Utility.csproj" Id="d151638e-3242-413b-aacf-ee9abfd8cc18" />
  <Project Path="PayrollManagementWeb/PayrollManagementWeb.csproj" />
</Solution>
